// !$*UTF8*$!
{
	archiveVersion = 1;
	classes = {
	};
	objectVersion = 48;
	objects = {

/* Begin PBXBuildFile section */
		97163AA12046B090007691BC /* AppDelegate.swift in Sources */ = {isa = PBXBuildFile; fileRef = 97163AA02046B090007691BC /* AppDelegate.swift */; };
		97163AA32046B090007691BC /* ViewController.swift in Sources */ = {isa = PBXBuildFile; fileRef = 97163AA22046B090007691BC /* ViewController.swift */; };
		97163AA62046B090007691BC /* Main.storyboard in Resources */ = {isa = PBXBuildFile; fileRef = 97163AA42046B090007691BC /* Main.storyboard */; };
		97163AA82046B090007691BC /* Assets.xcassets in Resources */ = {isa = PBXBuildFile; fileRef = 97163AA72046B090007691BC /* Assets.xcassets */; };
		97163AAB2046B090007691BC /* LaunchScreen.storyboard in Resources */ = {isa = PBXBuildFile; fileRef = 97163AA92046B090007691BC /* LaunchScreen.storyboard */; };
		97163AB32046B0C6007691BC /* PageViewController.swift in Sources */ = {isa = PBXBuildFile; fileRef = 97163AB22046B0C6007691BC /* PageViewController.swift */; };
		97163AB62046B0FA007691BC /* PageViewBase.swift in Sources */ = {isa = PBXBuildFile; fileRef = 97163AB52046B0FA007691BC /* PageViewBase.swift */; };
		97163AB82046B176007691BC /* Page.swift in Sources */ = {isa = PBXBuildFile; fileRef = 97163AB72046B176007691BC /* Page.swift */; };
/* End PBXBuildFile section */

/* Begin PBXFileReference section */
		97163A9D2046B090007691BC /* PageViewExample.app */ = {isa = PBXFileReference; explicitFileType = wrapper.application; includeInIndex = 0; path = PageViewExample.app; sourceTree = BUILT_PRODUCTS_DIR; };
		97163AA02046B090007691BC /* AppDelegate.swift */ = {isa = PBXFileReference; lastKnownFileType = sourcecode.swift; path = AppDelegate.swift; sourceTree = "<group>"; };
		97163AA22046B090007691BC /* ViewController.swift */ = {isa = PBXFileReference; lastKnownFileType = sourcecode.swift; path = ViewController.swift; sourceTree = "<group>"; };
		97163AA52046B090007691BC /* Base */ = {isa = PBXFileReference; lastKnownFileType = file.storyboard; name = Base; path = Base.lproj/Main.storyboard; sourceTree = "<group>"; };
		97163AA72046B090007691BC /* Assets.xcassets */ = {isa = PBXFileReference; lastKnownFileType = folder.assetcatalog; path = Assets.xcassets; sourceTree = "<group>"; };
		97163AAA2046B090007691BC /* Base */ = {isa = PBXFileReference; lastKnownFileType = file.storyboard; name = Base; path = Base.lproj/LaunchScreen.storyboard; sourceTree = "<group>"; };
		97163AAC2046B090007691BC /* Info.plist */ = {isa = PBXFileReference; lastKnownFileType = text.plist.xml; path = Info.plist; sourceTree = "<group>"; };
		97163AB22046B0C6007691BC /* PageViewController.swift */ = {isa = PBXFileReference; lastKnownFileType = sourcecode.swift; path = PageViewController.swift; sourceTree = "<group>"; };
		97163AB52046B0FA007691BC /* PageViewBase.swift */ = {isa = PBXFileReference; lastKnownFileType = sourcecode.swift; path = PageViewBase.swift; sourceTree = "<group>"; };
		97163AB72046B176007691BC /* Page.swift */ = {isa = PBXFileReference; lastKnownFileType = sourcecode.swift; path = Page.swift; sourceTree = "<group>"; };
/* End PBXFileReference section */

/* Begin PBXFrameworksBuildPhase section */
		97163A9A2046B090007691BC /* Frameworks */ = {
			isa = PBXFrameworksBuildPhase;
			buildActionMask = 2147483647;
			files = (
			);
			runOnlyForDeploymentPostprocessing = 0;
		};
/* End PBXFrameworksBuildPhase section */

/* Begin PBXGroup section */
		97163A942046B090007691BC = {
			isa = PBXGroup;
			children = (
				97163A9F2046B090007691BC /* PageViewExample */,
				97163A9E2046B090007691BC /* Products */,
			);
			sourceTree = "<group>";
		};
		97163A9E2046B090007691BC /* Products */ = {
			isa = PBXGroup;
			children = (
				97163A9D2046B090007691BC /* PageViewExample.app */,
			);
			name = Products;
			sourceTree = "<group>";
		};
		97163A9F2046B090007691BC /* PageViewExample */ = {
			isa = PBXGroup;
			children = (
				97163AB42046B0D8007691BC /* base */,
				97163AA02046B090007691BC /* AppDelegate.swift */,
				97163AA22046B090007691BC /* ViewController.swift */,
				97163AA42046B090007691BC /* Main.storyboard */,
				97163AA72046B090007691BC /* Assets.xcassets */,
				97163AA92046B090007691BC /* LaunchScreen.storyboard */,
				97163AAC2046B090007691BC /* Info.plist */,
				97163AB22046B0C6007691BC /* PageViewController.swift */,
				97163AB72046B176007691BC /* Page.swift */,
			);
			path = PageViewExample;
			sourceTree = "<group>";
		};
		97163AB42046B0D8007691BC /* base */ = {
			isa = PBXGroup;
			children = (
				97163AB52046B0FA007691BC /* PageViewBase.swift */,
			);
			path = base;
			sourceTree = "<group>";
		};
/* End PBXGroup section */

/* Begin PBXNativeTarget section */
		97163A9C2046B090007691BC /* PageViewExample */ = {
			isa = PBXNativeTarget;
			buildConfigurationList = 97163AAF2046B090007691BC /* Build configuration list for PBXNativeTarget "PageViewExample" */;
			buildPhases = (
				97163A992046B090007691BC /* Sources */,
				97163A9A2046B090007691BC /* Frameworks */,
				97163A9B2046B090007691BC /* Resources */,
			);
			buildRules = (
			);
			dependencies = (
			);
			name = PageViewExample;
			productName = PageViewExample;
			productReference = 97163A9D2046B090007691BC /* PageViewExample.app */;
			productType = "com.apple.product-type.application";
		};
/* End PBXNativeTarget section */

/* Begin PBXProject section */
		97163A952046B090007691BC /* Project object */ = {
			isa = PBXProject;
			attributes = {
				LastSwiftUpdateCheck = 0910;
				LastUpgradeCheck = 0910;
				ORGANIZATIONNAME = PanthersTechnik;
				TargetAttributes = {
					97163A9C2046B090007691BC = {
						CreatedOnToolsVersion = 9.1;
						ProvisioningStyle = Automatic;
					};
				};
			};
			buildConfigurationList = 97163A982046B090007691BC /* Build configuration list for PBXProject "PageViewExample" */;
			compatibilityVersion = "Xcode 8.0";
			developmentRegion = en;
			hasScannedForEncodings = 0;
			knownRegions = (
				en,
				Base,
			);
			mainGroup = 97163A942046B090007691BC;
			productRefGroup = 97163A9E2046B090007691BC /* Products */;
			projectDirPath = "";
			projectRoot = "";
			targets = (
				97163A9C2046B090007691BC /* PageViewExample */,
			);
		};
/* End PBXProject section */

/* Begin PBXResourcesBuildPhase section */
		97163A9B2046B090007691BC /* Resources */ = {
			isa = PBXResourcesBuildPhase;
			buildActionMask = 2147483647;
			files = (
				97163AAB2046B090007691BC /* LaunchScreen.storyboard in Resources */,
				97163AA82046B090007691BC /* Assets.xcassets in Resources */,
				97163AA62046B090007691BC /* Main.storyboard in Resources */,
			);
			runOnlyForDeploymentPostprocessing = 0;
		};
/* End PBXResourcesBuildPhase section */

/* Begin PBXSourcesBuildPhase section */
		97163A992046B090007691BC /* Sources */ = {
			isa = PBXSourcesBuildPhase;
			buildActionMask = 2147483647;
			files = (
				97163AB32046B0C6007691BC /* PageViewController.swift in Sources */,
				97163AA32046B090007691BC /* ViewController.swift in Sources */,
				97163AA12046B090007691BC /* AppDelegate.swift in Sources */,
				97163AB62046B0FA007691BC /* PageViewBase.swift in Sources */,
				97163AB82046B176007691BC /* Page.swift in Sources */,
			);
			runOnlyForDeploymentPostprocessing = 0;
		};
/* End PBXSourcesBuildPhase section */

/* Begin PBXVariantGroup section */
		97163AA42046B090007691BC /* Main.storyboard */ = {
			isa = PBXVariantGroup;
			children = (
				97163AA52046B090007691BC /* Base */,
			);
			name = Main.storyboard;
			sourceTree = "<group>";
		};
		97163AA92046B090007691BC /* LaunchScreen.storyboard */ = {
			isa = PBXVariantGroup;
			children = (
				97163AAA2046B090007691BC /* Base */,
			);
			name = LaunchScreen.storyboard;
			sourceTree = "<group>";
		};
/* End PBXVariantGroup section */

/* Begin XCBuildConfiguration section */
		97163AAD2046B090007691BC /* Debug */ = {
			isa = XCBuildConfiguration;
			buildSettings = {
				ALWAYS_SEARCH_USER_PATHS = NO;
				CLANG_ANALYZER_NONNULL = YES;
				CLANG_ANALYZER_NUMBER_OBJECT_CONVERSION = YES_AGGRESSIVE;
				CLANG_CXX_LANGUAGE_STANDARD = "gnu++14";
				CLANG_CXX_LIBRARY = "libc++";
				CLANG_ENABLE_MODULES = YES;
				CLANG_ENABLE_OBJC_ARC = YES;
				CLANG_WARN_BLOCK_CAPTURE_AUTORELEASING = YES;
				CLANG_WARN_BOOL_CONVERSION = YES;
				CLANG_WARN_COMMA = YES;
				CLANG_WARN_CONSTANT_CONVERSION = YES;
				CLANG_WARN_DIRECT_OBJC_ISA_USAGE = YES_ERROR;
				CLANG_WARN_DOCUMENTATION_COMMENTS = YES;
				CLANG_WARN_EMPTY_BODY = YES;
				CLANG_WARN_ENUM_CONVERSION = YES;
				CLANG_WARN_INFINITE_RECURSION = YES;
				CLANG_WARN_INT_CONVERSION = YES;
				CLANG_WARN_NON_LITERAL_NULL_CONVERSION = YES;
				CLANG_WARN_OBJC_LITERAL_CONVERSION = YES;
				CLANG_WARN_OBJC_ROOT_CLASS = YES_ERROR;
				CLANG_WARN_RANGE_LOOP_ANALYSIS = YES;
				CLANG_WARN_STRICT_PROTOTYPES = YES;
				CLANG_WARN_SUSPICIOUS_MOVE = YES;
				CLANG_WARN_UNGUARDED_AVAILABILITY = YES_AGGRESSIVE;
				CLANG_WARN_UNREACHABLE_CODE = YES;
				CLANG_WARN__DUPLICATE_METHOD_MATCH = YES;
				CODE_SIGN_IDENTITY = "iPhone Developer";
				COPY_PHASE_STRIP = NO;
				DEBUG_INFORMATION_FORMAT = dwarf;
				ENABLE_STRICT_OBJC_MSGSEND = YES;
				ENABLE_TESTABILITY = YES;
				GCC_C_LANGUAGE_STANDARD = gnu11;
				GCC_DYNAMIC_NO_PIC = NO;
				GCC_NO_COMMON_BLOCKS = YES;
				GCC_OPTIMIZATION_LEVEL = 0;
				GCC_PREPROCESSOR_DEFINITIONS = (
					"DEBUG=1",
					"$(inherited)",
				);
				GCC_WARN_64_TO_32_BIT_CONVERSION = YES;
				GCC_WARN_ABOUT_RETURN_TYPE = YES_ERROR;
				GCC_WARN_UNDECLARED_SELECTOR = YES;
				GCC_WARN_UNINITIALIZED_AUTOS = YES_AGGRESSIVE;
				GCC_WARN_UNUSED_FUNCTION = YES;
				GCC_WARN_UNUSED_VARIABLE = YES;
				IPHONEOS_DEPLOYMENT_TARGET = 11.1;
				MTL_ENABLE_DEBUG_INFO = YES;
				ONLY_ACTIVE_ARCH = YES;
				SDKROOT = iphoneos;
				SWIFT_ACTIVE_COMPILATION_CONDITIONS = DEBUG;
				SWIFT_OPTIMIZATION_LEVEL = "-Onone";
			};
			name = Debug;
		};
		97163AAE2046B090007691BC /* Release */ = {
			isa = XCBuildConfiguration;
			buildSettings = {
				ALWAYS_SEARCH_USER_PATHS = NO;
				CLANG_ANALYZER_NONNULL = YES;
				CLANG_ANALYZER_NUMBER_OBJECT_CONVERSION = YES_AGGRESSIVE;
				CLANG_CXX_LANGUAGE_STANDARD = "gnu++14";
				CLANG_CXX_LIBRARY = "libc++";
				CLANG_ENABLE_MODULES = YES;
				CLANG_ENABLE_OBJC_ARC = YES;
				CLANG_WARN_BLOCK_CAPTURE_AUTORELEASING = YES;
				CLANG_WARN_BOOL_CONVERSION = YES;
				CLANG_WARN_COMMA = YES;
				CLANG_WARN_CONSTANT_CONVERSION = YES;
				CLANG_WARN_DIRECT_OBJC_ISA_USAGE = YES_ERROR;
				CLANG_WARN_DOCUMENTATION_COMMENTS = YES;
				CLANG_WARN_EMPTY_BODY = YES;
				CLANG_WARN_ENUM_CONVERSION = YES;
				CLANG_WARN_INFINITE_RECURSION = YES;
				CLANG_WARN_INT_CONVERSION = YES;
				CLANG_WARN_NON_LITERAL_NULL_CONVERSION = YES;
				CLANG_WARN_OBJC_LITERAL_CONVERSION = YES;
				CLANG_WARN_OBJC_ROOT_CLASS = YES_ERROR;
				CLANG_WARN_RANGE_LOOP_ANALYSIS = YES;
				CLANG_WARN_STRICT_PROTOTYPES = YES;
				CLANG_WARN_SUSPICIOUS_MOVE = YES;
				CLANG_WARN_UNGUARDED_AVAILABILITY = YES_AGGRESSIVE;
				CLANG_WARN_UNREACHABLE_CODE = YES;
				CLANG_WARN__DUPLICATE_METHOD_MATCH = YES;
				CODE_SIGN_IDENTITY = "iPhone Developer";
				COPY_PHASE_STRIP = NO;
				DEBUG_INFORMATION_FORMAT = "dwarf-with-dsym";
				ENABLE_NS_ASSERTIONS = NO;
				ENABLE_STRICT_OBJC_MSGSEND = YES;
				GCC_C_LANGUAGE_STANDARD = gnu11;
				GCC_NO_COMMON_BLOCKS = YES;
				GCC_WARN_64_TO_32_BIT_CONVERSION = YES;
				GCC_WARN_ABOUT_RETURN_TYPE = YES_ERROR;
				GCC_WARN_UNDECLARED_SELECTOR = YES;
				GCC_WARN_UNINITIALIZED_AUTOS = YES_AGGRESSIVE;
				GCC_WARN_UNUSED_FUNCTION = YES;
				GCC_WARN_UNUSED_VARIABLE = YES;
				IPHONEOS_DEPLOYMENT_TARGET = 11.1;
				MTL_ENABLE_DEBUG_INFO = NO;
				SDKROOT = iphoneos;
				SWIFT_OPTIMIZATION_LEVEL = "-Owholemodule";
				VALIDATE_PRODUCT = YES;
			};
			name = Release;
		};
		97163AB02046B090007691BC /* Debug */ = {
			isa = XCBuildConfiguration;
			buildSettings = {
				ASSETCATALOG_COMPILER_APPICON_NAME = AppIcon;
				CODE_SIGN_STYLE = Automatic;
				DEVELOPMENT_TEAM = Z7FLXJF7ZY;
				INFOPLIST_FILE = PageViewExample/Info.plist;
				LD_RUNPATH_SEARCH_PATHS = "$(inherited) @executable_path/Frameworks";
				PRODUCT_BUNDLE_IDENTIFIER = com.pantherstechnik.PageViewExample;
				PRODUCT_NAME = "$(TARGET_NAME)";
				SWIFT_VERSION = 4.0;
				TARGETED_DEVICE_FAMILY = "1,2";
			};
			name = Debug;
		};
		97163AB12046B090007691BC /* Release */ = {
			isa = XCBuildConfiguration;
			buildSettings = {
				ASSETCATALOG_COMPILER_APPICON_NAME = AppIcon;
				CODE_SIGN_STYLE = Automatic;
				DEVELOPMENT_TEAM = Z7FLXJF7ZY;
				INFOPLIST_FILE = PageViewExample/Info.plist;
				LD_RUNPATH_SEARCH_PATHS = "$(inherited) @executable_path/Frameworks";
				PRODUCT_BUNDLE_IDENTIFIER = com.pantherstechnik.PageViewExample;
				PRODUCT_NAME = "$(TARGET_NAME)";
				SWIFT_VERSION = 4.0;
				TARGETED_DEVICE_FAMILY = "1,2";
			};
			name = Release;
		};
/* End XCBuildConfiguration section */

/* Begin XCConfigurationList section */
		97163A982046B090007691BC /* Build configuration list for PBXProject "PageViewExample" */ = {
			isa = XCConfigurationList;
			buildConfigurations = (
				97163AAD2046B090007691BC /* Debug */,
				97163AAE2046B090007691BC /* Release */,
			);
			defaultConfigurationIsVisible = 0;
			defaultConfigurationName = Release;
		};
		97163AAF2046B090007691BC /* Build configuration list for PBXNativeTarget "PageViewExample" */ = {
			isa = XCConfigurationList;
			buildConfigurations = (
				97163AB02046B090007691BC /* Debug */,
				97163AB12046B090007691BC /* Release */,
			);
			defaultConfigurationIsVisible = 0;
			defaultConfigurationName = Release;
		};
/* End XCConfigurationList section */
	};
	rootObject = 97163A952046B090007691BC /* Project object */;
}
